
Microsoft Visual Studio Solution File, Format Version 12.00
# Visual Studio 2013
VisualStudioVersion = 12.0.21005.1
MinimumVisualStudioVersion = 10.0.40219.1
Project("{FAE04EC0-301F-11D3-BF4B-00C04F79EFBC}") = "Problem01", "Problem1\Problem01.csproj", "{00E7709D-4E02-4460-8C1A-35435000A953}"
EndProject
Project("{FAE04EC0-301F-11D3-BF4B-00C04F79EFBC}") = "Problem02", "Problem02\Problem02.csproj", "{A2EDA948-680A-417B-8879-5116F5EC3B26}"
EndProject
Project("{FAE04EC0-301F-11D3-BF4B-00C04F79EFBC}") = "Problem03", "Problem03\Problem03.csproj", "{A182F102-AFB7-45D2-8250-3FB5B2D921A5}"
EndProject
Project("{FAE04EC0-301F-11D3-BF4B-00C04F79EFBC}") = "Problem04", "Problem04\Problem04.csproj", "{01DA6CC0-11DC-4D31-B079-052629B85A8E}"
EndProject
Project("{FAE04EC0-301F-11D3-BF4B-00C04F79EFBC}") = "Problem05", "Problem05\Problem05.csproj", "{7A45A854-9440-47FD-8666-8932CD7D2FCE}"
EndProject
Project("{FAE04EC0-301F-11D3-BF4B-00C04F79EFBC}") = "Problem06", "Problem06\Problem06.csproj", "{304013D2-9E25-4F8A-9E70-FF2DF29C7F4C}"
EndProject
Project("{FAE04EC0-301F-11D3-BF4B-00C04F79EFBC}") = "Problem07", "Problem07\Problem07.csproj", "{667B5ECC-DCE2-421C-B99A-B67F0E224300}"
EndProject
Project("{FAE04EC0-301F-11D3-BF4B-00C04F79EFBC}") = "Problem08", "Problem08\Problem08.csproj", "{40BB6C2A-D93A-42A8-9F01-4AB5B1CA42DB}"
EndProject
Project("{FAE04EC0-301F-11D3-BF4B-00C04F79EFBC}") = "Problem09", "Problem09\Problem09.csproj", "{CFF58954-0410-4285-8D7F-68D8E0E3B779}"
EndProject
Global
	GlobalSection(SolutionConfigurationPlatforms) = preSolution
		Debug|Any CPU = Debug|Any CPU
		Release|Any CPU = Release|Any CPU
	EndGlobalSection
	GlobalSection(ProjectConfigurationPlatforms) = postSolution
		{00E7709D-4E02-4460-8C1A-35435000A953}.Debug|Any CPU.ActiveCfg = Debug|Any CPU
		{00E7709D-4E02-4460-8C1A-35435000A953}.Debug|Any CPU.Build.0 = Debug|Any CPU
		{00E7709D-4E02-4460-8C1A-35435000A953}.Release|Any CPU.ActiveCfg = Release|Any CPU
		{00E7709D-4E02-4460-8C1A-35435000A953}.Release|Any CPU.Build.0 = Release|Any CPU
		{A2EDA948-680A-417B-8879-5116F5EC3B26}.Debug|Any CPU.ActiveCfg = Debug|Any CPU
		{A2EDA948-680A-417B-8879-5116F5EC3B26}.Debug|Any CPU.Build.0 = Debug|Any CPU
		{A2EDA948-680A-417B-8879-5116F5EC3B26}.Release|Any CPU.ActiveCfg = Release|Any CPU
		{A2EDA948-680A-417B-8879-5116F5EC3B26}.Release|Any CPU.Build.0 = Release|Any CPU
		{A182F102-AFB7-45D2-8250-3FB5B2D921A5}.Debug|Any CPU.ActiveCfg = Debug|Any CPU
		{A182F102-AFB7-45D2-8250-3FB5B2D921A5}.Debug|Any CPU.Build.0 = Debug|Any CPU
		{A182F102-AFB7-45D2-8250-3FB5B2D921A5}.Release|Any CPU.ActiveCfg = Release|Any CPU
		{A182F102-AFB7-45D2-8250-3FB5B2D921A5}.Release|Any CPU.Build.0 = Release|Any CPU
		{01DA6CC0-11DC-4D31-B079-052629B85A8E}.Debug|Any CPU.ActiveCfg = Debug|Any CPU
		{01DA6CC0-11DC-4D31-B079-052629B85A8E}.Debug|Any CPU.Build.0 = Debug|Any CPU
		{01DA6CC0-11DC-4D31-B079-052629B85A8E}.Release|Any CPU.ActiveCfg = Release|Any CPU
		{01DA6CC0-11DC-4D31-B079-052629B85A8E}.Release|Any CPU.Build.0 = Release|Any CPU
		{7A45A854-9440-47FD-8666-8932CD7D2FCE}.Debug|Any CPU.ActiveCfg = Debug|Any CPU
		{7A45A854-9440-47FD-8666-8932CD7D2FCE}.Debug|Any CPU.Build.0 = Debug|Any CPU
		{7A45A854-9440-47FD-8666-8932CD7D2FCE}.Release|Any CPU.ActiveCfg = Release|Any CPU
		{7A45A854-9440-47FD-8666-8932CD7D2FCE}.Release|Any CPU.Build.0 = Release|Any CPU
		{304013D2-9E25-4F8A-9E70-FF2DF29C7F4C}.Debug|Any CPU.ActiveCfg = Debug|Any CPU
		{304013D2-9E25-4F8A-9E70-FF2DF29C7F4C}.Debug|Any CPU.Build.0 = Debug|Any CPU
		{304013D2-9E25-4F8A-9E70-FF2DF29C7F4C}.Release|Any CPU.ActiveCfg = Release|Any CPU
		{304013D2-9E25-4F8A-9E70-FF2DF29C7F4C}.Release|Any CPU.Build.0 = Release|Any CPU
		{667B5ECC-DCE2-421C-B99A-B67F0E224300}.Debug|Any CPU.ActiveCfg = Debug|Any CPU
		{667B5ECC-DCE2-421C-B99A-B67F0E224300}.Debug|Any CPU.Build.0 = Debug|Any CPU
		{667B5ECC-DCE2-421C-B99A-B67F0E224300}.Release|Any CPU.ActiveCfg = Release|Any CPU
		{667B5ECC-DCE2-421C-B99A-B67F0E224300}.Release|Any CPU.Build.0 = Release|Any CPU
		{40BB6C2A-D93A-42A8-9F01-4AB5B1CA42DB}.Debug|Any CPU.ActiveCfg = Debug|Any CPU
		{40BB6C2A-D93A-42A8-9F01-4AB5B1CA42DB}.Debug|Any CPU.Build.0 = Debug|Any CPU
		{40BB6C2A-D93A-42A8-9F01-4AB5B1CA42DB}.Release|Any CPU.ActiveCfg = Release|Any CPU
		{40BB6C2A-D93A-42A8-9F01-4AB5B1CA42DB}.Release|Any CPU.Build.0 = Release|Any CPU
		{CFF58954-0410-4285-8D7F-68D8E0E3B779}.Debug|Any CPU.ActiveCfg = Debug|Any CPU
		{CFF58954-0410-4285-8D7F-68D8E0E3B779}.Debug|Any CPU.Build.0 = Debug|Any CPU
		{CFF58954-0410-4285-8D7F-68D8E0E3B779}.Release|Any CPU.ActiveCfg = Release|Any CPU
		{CFF58954-0410-4285-8D7F-68D8E0E3B779}.Release|Any CPU.Build.0 = Release|Any CPU
	EndGlobalSection
	GlobalSection(SolutionProperties) = preSolution
		HideSolutionNode = FALSE
	EndGlobalSection
EndGlobal
